# This file is generated by running "yarn install" inside your project.
# Manual changes might be lost - proceed with caution!

__metadata:
  version: 6
  cacheKey: 8

"@babel/code-frame@npm:^7.10.4":
  version: 7.18.6
  resolution: "@babel/code-frame@npm:7.18.6"
  dependencies:
    "@babel/highlight": ^7.18.6
  checksum: 95b09030d28e60d7531a8035ec8bbabf25e6c906f87bdf6d6f4f8b1cf2c84a0c0a3eb18cd57f9ec07e1ee72f2ef2e1bf3691c2ea18d6c8a5d6f5e89fa2d4a31a
  languageName: node
  linkType: hard

"express@npm:4.17.1":
  version: 4.17.1
  resolution: "express@npm:4.17.1"
  checksum: a4f9d49a0aef1147b9c3a3f51eebd7eb1949b76ae07b9d3b9d70a96fb16cb6e9e0cf6cf8f4d3d6b6e7c3c1c4b2c5e2e8c8b1b5c0a3c4b5e6f9d8c4f3b1c3a
  languageName: node
  linkType: hard

"jest@npm:^29.0.0":
  version: 29.7.0
  resolution: "jest@npm:29.7.0"
  checksum: a8c33fc6e3c84e1fc04a78c2b6a51c79f43efa0d4b75ad13d0c7c1d8a3b8e8c8e6d1c3a8f5b6e7c4f9d8a3c8b1c4f7e0e3a9c2d1e8c7b6f5a4d3e2c1b8a7f9
  languageName: node
  linkType: hard

"lodash@npm:~4.17.0":
  version: 4.17.21
  resolution: "lodash@npm:4.17.21"
  checksum: c10ee9988c5f4ad27b3a37cc5fa5b3d6d24b3a7a8c4d9f1b03c0bbb1dba14fc2c8146b7e6ed3bf4dcb74c47f5b97c7c0c8d70d7b6e2c0d24a1f8c8d4f5d6e7f
  languageName: node
  linkType: hard

"react@npm:^18.0.0":
  version: 18.2.0
  resolution: "react@npm:18.2.0"
  dependencies:
    loose-envify: ^1.1.0
  checksum: 88e38092da8839b830cda6feef2e8505dec8ace60579e46aa5490fc3dc9bba0bbb87f54a795b35d4d4b1f6f93c40b6c20a86076b08e0b2b1d3d4b1c2c0c6e2c
  languageName: node
  linkType: hard
