# Generated by pub
# See https://dart.dev/tools/pub/glossary#lockfile
packages:
  http:
    dependency: "direct main"
    description:
      name: http
      sha256: "2c11f3f94c687ee9bad77c171151672986360b2b001d109814ee7140b2cf261b"
      url: "https://pub.dev"
    source: hosted
    version: "0.13.6"
  path:
    dependency: "direct main"
    description:
      name: path
      url: "https://pub.dev"
    source: hosted
    version: "1.8.3"
  collection:
    dependency: "direct main"
    description:
      name: collection
      url: "https://pub.dev"
    source: hosted
    version: "1.17.2"
  intl:
    dependency: "direct main"
    description:
      name: intl
      url: "https://pub.dev"
    source: hosted
    version: "1.0.5"
  custom_git_pkg:
    dependency: "direct main"
    description:
      path: "."
      ref: main
      resolved-ref: "abc1234567890abcdef1234567890abcdef1234"
      url: "https://github.com/example/custom_git_pkg.git"
    source: git
    version: "0.2.0"
  local_pkg:
    dependency: "direct main"
    description:
      path: "../local_pkg"
      relative: true
    source: path
    version: "0.0.1"
  hosted_pkg:
    dependency: "direct main"
    description:
      name: hosted_pkg
      url: "https://my-pub.example.com"
    source: hosted
    version: "2.1.4"
  test:
    dependency: "direct dev"
    description:
      name: test
      url: "https://pub.dev"
    source: hosted
    version: "1.24.6"
sdks:
  dart: ">=3.0.0 <4.0.0"
  flutter: ">=3.10.0"
